
Microsoft Visual Studio Solution File, Format Version 11.00
# Visual C# Express 2010
Project("{FAE04EC0-301F-11D3-BF4B-00C04F79EFBC}") = "SiriusSVCcall", "SiriusSVCcall.csproj", "{C21660C5-49E6-4FEA-8403-8896C13FD289}"
EndProject
Global
	GlobalSection(SolutionConfigurationPlatforms) = preSolution
		Debug|x86 = Debug|x86
		Release|x86 = Release|x86
	EndGlobalSection
	GlobalSection(ProjectConfigurationPlatforms) = postSolution
		{C21660C5-49E6-4FEA-8403-8896C13FD289}.Debug|x86.ActiveCfg = Debug|x86
		{C21660C5-49E6-4FEA-8403-8896C13FD289}.Debug|x86.Build.0 = Debug|x86
		{C21660C5-49E6-4FEA-8403-8896C13FD289}.Release|x86.ActiveCfg = Release|x86
		{C21660C5-49E6-4FEA-8403-8896C13FD289}.Release|x86.Build.0 = Release|x86
	EndGlobalSection
	GlobalSection(SolutionProperties) = preSolution
		HideSolutionNode = FALSE
	EndGlobalSection
EndGlobal
